
Microsoft Visual Studio Solution File, Format Version 12.00
# Visual Studio Version 17
VisualStudioVersion = 17.5.33530.505
MinimumVisualStudioVersion = 10.0.40219.1
Project("{FAE04EC0-301F-11D3-BF4B-00C04F79EFBC}") = "ASMProjekt", "ASMProjekt\ASMProjekt.csproj", "{52DFB767-877D-4FC6-9B24-4E8675CEE8AE}"
	ProjectSection(ProjectDependencies) = postProject
		{614B2C84-6FB8-4FB8-A535-DFEEC6B41049} = {614B2C84-6FB8-4FB8-A535-DFEEC6B41049}
	EndProjectSection
EndProject
Project("{8BC9CEB8-8B4A-11D0-8D11-00A0C91BC942}") = "ASMDLL", "ASMDLL\ASMDLL.vcxproj", "{614B2C84-6FB8-4FB8-A535-DFEEC6B41049}"
EndProject
Project("{FAE04EC0-301F-11D3-BF4B-00C04F79EFBC}") = "CSharpLibrary", "CSharpLibrary\CSharpLibrary.csproj", "{BDA71F9F-2129-4619-B776-2F7D177D98EE}"
EndProject
Global
	GlobalSection(SolutionConfigurationPlatforms) = preSolution
		Debug|Any CPU = Debug|Any CPU
		Debug|x64 = Debug|x64
		Debug|x86 = Debug|x86
		Release|Any CPU = Release|Any CPU
		Release|x64 = Release|x64
		Release|x86 = Release|x86
	EndGlobalSection
	GlobalSection(ProjectConfigurationPlatforms) = postSolution
		{52DFB767-877D-4FC6-9B24-4E8675CEE8AE}.Debug|Any CPU.ActiveCfg = Debug|x64
		{52DFB767-877D-4FC6-9B24-4E8675CEE8AE}.Debug|Any CPU.Build.0 = Debug|x64
		{52DFB767-877D-4FC6-9B24-4E8675CEE8AE}.Debug|x64.ActiveCfg = Debug|x64
		{52DFB767-877D-4FC6-9B24-4E8675CEE8AE}.Debug|x64.Build.0 = Debug|x64
		{52DFB767-877D-4FC6-9B24-4E8675CEE8AE}.Debug|x86.ActiveCfg = Debug|Any CPU
		{52DFB767-877D-4FC6-9B24-4E8675CEE8AE}.Debug|x86.Build.0 = Debug|Any CPU
		{52DFB767-877D-4FC6-9B24-4E8675CEE8AE}.Release|Any CPU.ActiveCfg = Release|Any CPU
		{52DFB767-877D-4FC6-9B24-4E8675CEE8AE}.Release|Any CPU.Build.0 = Release|Any CPU
		{52DFB767-877D-4FC6-9B24-4E8675CEE8AE}.Release|x64.ActiveCfg = Debug|x64
		{52DFB767-877D-4FC6-9B24-4E8675CEE8AE}.Release|x64.Build.0 = Debug|x64
		{52DFB767-877D-4FC6-9B24-4E8675CEE8AE}.Release|x86.ActiveCfg = Release|Any CPU
		{52DFB767-877D-4FC6-9B24-4E8675CEE8AE}.Release|x86.Build.0 = Release|Any CPU
		{614B2C84-6FB8-4FB8-A535-DFEEC6B41049}.Debug|Any CPU.ActiveCfg = Debug|x64
		{614B2C84-6FB8-4FB8-A535-DFEEC6B41049}.Debug|Any CPU.Build.0 = Debug|x64
		{614B2C84-6FB8-4FB8-A535-DFEEC6B41049}.Debug|x64.ActiveCfg = Debug|x64
		{614B2C84-6FB8-4FB8-A535-DFEEC6B41049}.Debug|x64.Build.0 = Debug|x64
		{614B2C84-6FB8-4FB8-A535-DFEEC6B41049}.Debug|x86.ActiveCfg = Debug|Win32
		{614B2C84-6FB8-4FB8-A535-DFEEC6B41049}.Debug|x86.Build.0 = Debug|Win32
		{614B2C84-6FB8-4FB8-A535-DFEEC6B41049}.Release|Any CPU.ActiveCfg = Release|x64
		{614B2C84-6FB8-4FB8-A535-DFEEC6B41049}.Release|Any CPU.Build.0 = Release|x64
		{614B2C84-6FB8-4FB8-A535-DFEEC6B41049}.Release|x64.ActiveCfg = Debug|x64
		{614B2C84-6FB8-4FB8-A535-DFEEC6B41049}.Release|x64.Build.0 = Debug|x64
		{614B2C84-6FB8-4FB8-A535-DFEEC6B41049}.Release|x86.ActiveCfg = Release|Win32
		{614B2C84-6FB8-4FB8-A535-DFEEC6B41049}.Release|x86.Build.0 = Release|Win32
		{BDA71F9F-2129-4619-B776-2F7D177D98EE}.Debug|Any CPU.ActiveCfg = Debug|Any CPU
		{BDA71F9F-2129-4619-B776-2F7D177D98EE}.Debug|Any CPU.Build.0 = Debug|Any CPU
		{BDA71F9F-2129-4619-B776-2F7D177D98EE}.Debug|x64.ActiveCfg = Debug|Any CPU
		{BDA71F9F-2129-4619-B776-2F7D177D98EE}.Debug|x64.Build.0 = Debug|Any CPU
		{BDA71F9F-2129-4619-B776-2F7D177D98EE}.Debug|x86.ActiveCfg = Debug|Any CPU
		{BDA71F9F-2129-4619-B776-2F7D177D98EE}.Debug|x86.Build.0 = Debug|Any CPU
		{BDA71F9F-2129-4619-B776-2F7D177D98EE}.Release|Any CPU.ActiveCfg = Release|Any CPU
		{BDA71F9F-2129-4619-B776-2F7D177D98EE}.Release|Any CPU.Build.0 = Release|Any CPU
		{BDA71F9F-2129-4619-B776-2F7D177D98EE}.Release|x64.ActiveCfg = Release|Any CPU
		{BDA71F9F-2129-4619-B776-2F7D177D98EE}.Release|x64.Build.0 = Release|Any CPU
		{BDA71F9F-2129-4619-B776-2F7D177D98EE}.Release|x86.ActiveCfg = Release|Any CPU
		{BDA71F9F-2129-4619-B776-2F7D177D98EE}.Release|x86.Build.0 = Release|Any CPU
	EndGlobalSection
	GlobalSection(SolutionProperties) = preSolution
		HideSolutionNode = FALSE
	EndGlobalSection
	GlobalSection(ExtensibilityGlobals) = postSolution
		SolutionGuid = {66D9A687-1A88-4359-8705-5D3182E2E0D5}
	EndGlobalSection
EndGlobal
